<?xml version="1.0" encoding="utf-8"?>
<Project ToolsVersion="4.0" xmlns="http://schemas.microsoft.com/developer/msbuild/2003">
  <ItemGroup>
    <Filter Include="Исходные файлы">
      <UniqueIdentifier>{4FC737F1-C7A5-4376-A066-2A32D752A2FF}</UniqueIdentifier>
      <Extensions>cpp;c;cc;cxx;c++;cppm;ixx;def;odl;idl;hpj;bat;asm;asmx</Extensions>
    </Filter>
    <Filter Include="Файлы заголовков">
      <UniqueIdentifier>{93995380-89BD-4b04-88EB-625FBE52EBFB}</UniqueIdentifier>
      <Extensions>h;hh;hpp;hxx;h++;hm;inl;inc;ipp;xsd</Extensions>
    </Filter>
    <Filter Include="Файлы ресурсов">
      <UniqueIdentifier>{67DA6AB6-F800-4c08-8B7A-83BB121AAD01}</UniqueIdentifier>
      <Extensions>rc;ico;cur;bmp;dlg;rc2;rct;bin;rgs;gif;jpg;jpeg;jpe;resx;tiff;tif;png;wav;mfcribbon-ms</Extensions>
    </Filter>
    <Filter Include="Файлы заголовков\hook">
      <UniqueIdentifier>{af490216-e543-495e-aa56-cea202fc3100}</UniqueIdentifier>
    </Filter>
    <Filter Include="Файлы заголовков\struct">
      <UniqueIdentifier>{20160a01-f42b-4091-a7fb-e5c529c4465b}</UniqueIdentifier>
    </Filter>
  </ItemGroup>
  <ItemGroup>
    <ClInclude Include="hooked_fun.h">
      <Filter>Файлы заголовков\hook</Filter>
    </ClInclude>
    <ClInclude Include="struct.h">
      <Filter>Файлы заголовков\struct</Filter>
    </ClInclude>
    <ClInclude Include="ntapi.h">
      <Filter>Файлы заголовков\struct</Filter>
    </ClInclude>
    <ClInclude Include="dis_util.h">
      <Filter>Файлы заголовков\hook</Filter>
    </ClInclude>
  </ItemGroup>
  <ItemGroup>
    <ClCompile Include="dllmain.cpp">
      <Filter>Исходные файлы</Filter>
    </ClCompile>
  </ItemGroup>
</Project>